
Microsoft Visual Studio Solution File, Format Version 12.00
# Visual Studio 2013
VisualStudioVersion = 12.0.31101.0
MinimumVisualStudioVersion = 10.0.40219.1
Project("{FAE04EC0-301F-11D3-BF4B-00C04F79EFBC}") = "StaticFragments", "StaticFragments\StaticFragments.csproj", "{B42840F7-218E-4B18-9EB8-609A9435AD8D}"
EndProject
Global
	GlobalSection(SolutionConfigurationPlatforms) = preSolution
		Debug|Any CPU = Debug|Any CPU
		Release|Any CPU = Release|Any CPU
	EndGlobalSection
	GlobalSection(ProjectConfigurationPlatforms) = postSolution
		{B42840F7-218E-4B18-9EB8-609A9435AD8D}.Debug|Any CPU.ActiveCfg = Debug|Any CPU
		{B42840F7-218E-4B18-9EB8-609A9435AD8D}.Debug|Any CPU.Build.0 = Debug|Any CPU
		{B42840F7-218E-4B18-9EB8-609A9435AD8D}.Debug|Any CPU.Deploy.0 = Debug|Any CPU
		{B42840F7-218E-4B18-9EB8-609A9435AD8D}.Release|Any CPU.ActiveCfg = Release|Any CPU
		{B42840F7-218E-4B18-9EB8-609A9435AD8D}.Release|Any CPU.Build.0 = Release|Any CPU
		{B42840F7-218E-4B18-9EB8-609A9435AD8D}.Release|Any CPU.Deploy.0 = Release|Any CPU
	EndGlobalSection
	GlobalSection(SolutionProperties) = preSolution
		HideSolutionNode = FALSE
	EndGlobalSection
EndGlobal
